
Microsoft Visual Studio Solution File, Format Version 12.00
# Visual Studio 15
Project("{FAE04EC0-301F-11D3-BF4B-00C04F79EFBC}") = "SeaSimpleProject", "SeaSimpleProject.csproj", "{C8CB7C2A-0745-81A0-9593-64BA2731E8EE}"
EndProject
Project("{FAE04EC0-301F-11D3-BF4B-00C04F79EFBC}") = "SeaSimpleProject.Editor", "SeaSimpleProject.Editor.csproj", "{0BF996D1-4053-E01D-F60B-BDCE9E1A4264}"
EndProject
Global
	GlobalSection(SolutionConfigurationPlatforms) = preSolution
		Debug|Any CPU = Debug|Any CPU
		Release|Any CPU = Release|Any CPU
	EndGlobalSection
	GlobalSection(ProjectConfigurationPlatforms) = postSolution
		{C8CB7C2A-0745-81A0-9593-64BA2731E8EE}.Debug|Any CPU.ActiveCfg = Debug|Any CPU
		{C8CB7C2A-0745-81A0-9593-64BA2731E8EE}.Debug|Any CPU.Build.0 = Debug|Any CPU
		{C8CB7C2A-0745-81A0-9593-64BA2731E8EE}.Release|Any CPU.ActiveCfg = Release|Any CPU
		{C8CB7C2A-0745-81A0-9593-64BA2731E8EE}.Release|Any CPU.Build.0 = Release|Any CPU
		{0BF996D1-4053-E01D-F60B-BDCE9E1A4264}.Debug|Any CPU.ActiveCfg = Debug|Any CPU
		{0BF996D1-4053-E01D-F60B-BDCE9E1A4264}.Debug|Any CPU.Build.0 = Debug|Any CPU
		{0BF996D1-4053-E01D-F60B-BDCE9E1A4264}.Release|Any CPU.ActiveCfg = Release|Any CPU
		{0BF996D1-4053-E01D-F60B-BDCE9E1A4264}.Release|Any CPU.Build.0 = Release|Any CPU
	EndGlobalSection
	GlobalSection(SolutionProperties) = preSolution
		HideSolutionNode = FALSE
	EndGlobalSection
EndGlobal
